      png-to-ico:
        specifier: ^2.1.8
        version: 2.1.8
        specifier: ^0.33.3
  '@types/node@17.0.45':
    resolution: {integrity: sha512-w+tIMs3rq2afQdsPJlODhoUEKzFP1ayaoyl1CcnwtIlsVe7K7bA1NGm4s3PraqTLlXnbIN84zuBlxBWo1u9BLw==}

    deprecated: 'Reliability and performance improvements. See: https://github.com/WalletConnect/walletconnect-monorepo/releases'
    deprecated: 'Reliability and performance improvements. See: https://github.com/WalletConnect/walletconnect-monorepo/releases'
    deprecated: 'Reliability and performance improvements. See: https://github.com/WalletConnect/walletconnect-monorepo/releases'
    deprecated: 'Reliability and performance improvements. See: https://github.com/WalletConnect/walletconnect-monorepo/releases'
  png-to-ico@2.1.8:
    resolution: {integrity: sha512-Nf+IIn/cZ/DIZVdGveJp86NG5uNib1ZXMiDd/8x32HCTeKSvgpyg6D/6tUBn1QO/zybzoMK0/mc3QRgAyXdv9w==}
    engines: {node: '>=8'}
    hasBin: true

  pngjs@6.0.0:
    resolution: {integrity: sha512-TRzzuFRRmEoSW/p1KVAmiOgPco2Irlah+bGFCeNfJXxxYGwSw7YwAOAcd7X28K/m5bjBWKsC29KyoMfHbypayg==}
    engines: {node: '>=12.13.0'}

  '@types/node@17.0.45': {}

  png-to-ico@2.1.8:
    dependencies:
      '@types/node': 17.0.45
      minimist: 1.2.8
      pngjs: 6.0.0

  pngjs@6.0.0: {}

